// !$*UTF8*$!
{
	archiveVersion = 1;
	classes = {
	};
	objectVersion = 56;
	objects = {

/* Begin PBXBuildFile section */
		F489A4E52AC2368900A3DA63 /* AppDelegate.swift in Sources */ = {isa = PBXBuildFile; fileRef = F489A4E42AC2368900A3DA63 /* AppDelegate.swift */; };
		F489A4E72AC2368900A3DA63 /* SceneDelegate.swift in Sources */ = {isa = PBXBuildFile; fileRef = F489A4E62AC2368900A3DA63 /* SceneDelegate.swift */; };
		F489A4E92AC2368900A3DA63 /* ViewController.swift in Sources */ = {isa = PBXBuildFile; fileRef = F489A4E82AC2368900A3DA63 /* ViewController.swift */; };
		F489A4EC2AC2368900A3DA63 /* Main.storyboard in Resources */ = {isa = PBXBuildFile; fileRef = F489A4EA2AC2368900A3DA63 /* Main.storyboard */; };
		F489A4EE2AC2368A00A3DA63 /* Assets.xcassets in Resources */ = {isa = PBXBuildFile; fileRef = F489A4ED2AC2368A00A3DA63 /* Assets.xcassets */; };
		F489A4F12AC2368A00A3DA63 /* LaunchScreen.storyboard in Resources */ = {isa = PBXBuildFile; fileRef = F489A4EF2AC2368A00A3DA63 /* LaunchScreen.storyboard */; };
		F489A4FC2AC2368A00A3DA63 /* JobsTests.swift in Sources */ = {isa = PBXBuildFile; fileRef = F489A4FB2AC2368A00A3DA63 /* JobsTests.swift */; };
		F489A5062AC2368A00A3DA63 /* JobsUITests.swift in Sources */ = {isa = PBXBuildFile; fileRef = F489A5052AC2368A00A3DA63 /* JobsUITests.swift */; };
		F489A5082AC2368A00A3DA63 /* JobsUITestsLaunchTests.swift in Sources */ = {isa = PBXBuildFile; fileRef = F489A5072AC2368A00A3DA63 /* JobsUITestsLaunchTests.swift */; };
/* End PBXBuildFile section */

/* Begin PBXContainerItemProxy section */
		F489A4F82AC2368A00A3DA63 /* PBXContainerItemProxy */ = {
			isa = PBXContainerItemProxy;
			containerPortal = F489A4D92AC2368900A3DA63 /* Project object */;
			proxyType = 1;
			remoteGlobalIDString = F489A4E02AC2368900A3DA63;
			remoteInfo = Jobs;
		};
		F489A5022AC2368A00A3DA63 /* PBXContainerItemProxy */ = {
			isa = PBXContainerItemProxy;
			containerPortal = F489A4D92AC2368900A3DA63 /* Project object */;
			proxyType = 1;
			remoteGlobalIDString = F489A4E02AC2368900A3DA63;
			remoteInfo = Jobs;
		};
/* End PBXContainerItemProxy section */

/* Begin PBXFileReference section */
		F489A4E12AC2368900A3DA63 /* Jobs.app */ = {isa = PBXFileReference; explicitFileType = wrapper.application; includeInIndex = 0; path = Jobs.app; sourceTree = BUILT_PRODUCTS_DIR; };
		F489A4E42AC2368900A3DA63 /* AppDelegate.swift */ = {isa = PBXFileReference; lastKnownFileType = sourcecode.swift; path = AppDelegate.swift; sourceTree = "<group>"; };
		F489A4E62AC2368900A3DA63 /* SceneDelegate.swift */ = {isa = PBXFileReference; lastKnownFileType = sourcecode.swift; path = SceneDelegate.swift; sourceTree = "<group>"; };
		F489A4E82AC2368900A3DA63 /* ViewController.swift */ = {isa = PBXFileReference; lastKnownFileType = sourcecode.swift; path = ViewController.swift; sourceTree = "<group>"; };
		F489A4EB2AC2368900A3DA63 /* Base */ = {isa = PBXFileReference; lastKnownFileType = file.storyboard; name = Base; path = Base.lproj/Main.storyboard; sourceTree = "<group>"; };
		F489A4ED2AC2368A00A3DA63 /* Assets.xcassets */ = {isa = PBXFileReference; lastKnownFileType = folder.assetcatalog; path = Assets.xcassets; sourceTree = "<group>"; };
		F489A4F02AC2368A00A3DA63 /* Base */ = {isa = PBXFileReference; lastKnownFileType = file.storyboard; name = Base; path = Base.lproj/LaunchScreen.storyboard; sourceTree = "<group>"; };
		F489A4F22AC2368A00A3DA63 /* Info.plist */ = {isa = PBXFileReference; lastKnownFileType = text.plist.xml; path = Info.plist; sourceTree = "<group>"; };
		F489A4F72AC2368A00A3DA63 /* JobsTests.xctest */ = {isa = PBXFileReference; explicitFileType = wrapper.cfbundle; includeInIndex = 0; path = JobsTests.xctest; sourceTree = BUILT_PRODUCTS_DIR; };
		F489A4FB2AC2368A00A3DA63 /* JobsTests.swift */ = {isa = PBXFileReference; lastKnownFileType = sourcecode.swift; path = JobsTests.swift; sourceTree = "<group>"; };
		F489A5012AC2368A00A3DA63 /* JobsUITests.xctest */ = {isa = PBXFileReference; explicitFileType = wrapper.cfbundle; includeInIndex = 0; path = JobsUITests.xctest; sourceTree = BUILT_PRODUCTS_DIR; };
		F489A5052AC2368A00A3DA63 /* JobsUITests.swift */ = {isa = PBXFileReference; lastKnownFileType = sourcecode.swift; path = JobsUITests.swift; sourceTree = "<group>"; };
		F489A5072AC2368A00A3DA63 /* JobsUITestsLaunchTests.swift */ = {isa = PBXFileReference; lastKnownFileType = sourcecode.swift; path = JobsUITestsLaunchTests.swift; sourceTree = "<group>"; };
/* End PBXFileReference section */

/* Begin PBXFrameworksBuildPhase section */
		F489A4DE2AC2368900A3DA63 /* Frameworks */ = {
			isa = PBXFrameworksBuildPhase;
			buildActionMask = 2147483647;
			files = (
			);
			runOnlyForDeploymentPostprocessing = 0;
		};
		F489A4F42AC2368A00A3DA63 /* Frameworks */ = {
			isa = PBXFrameworksBuildPhase;
			buildActionMask = 2147483647;
			files = (
			);
			runOnlyForDeploymentPostprocessing = 0;
		};
		F489A4FE2AC2368A00A3DA63 /* Frameworks */ = {
			isa = PBXFrameworksBuildPhase;
			buildActionMask = 2147483647;
			files = (
			);
			runOnlyForDeploymentPostprocessing = 0;
		};
/* End PBXFrameworksBuildPhase section */

/* Begin PBXGroup section */
		F489A4D82AC2368900A3DA63 = {
			isa = PBXGroup;
			children = (
				F489A4E32AC2368900A3DA63 /* Jobs */,
				F489A4FA2AC2368A00A3DA63 /* JobsTests */,
				F489A5042AC2368A00A3DA63 /* JobsUITests */,
				F489A4E22AC2368900A3DA63 /* Products */,
			);
			sourceTree = "<group>";
		};
		F489A4E22AC2368900A3DA63 /* Products */ = {
			isa = PBXGroup;
			children = (
				F489A4E12AC2368900A3DA63 /* Jobs.app */,
				F489A4F72AC2368A00A3DA63 /* JobsTests.xctest */,
				F489A5012AC2368A00A3DA63 /* JobsUITests.xctest */,
			);
			name = Products;
			sourceTree = "<group>";
		};
		F489A4E32AC2368900A3DA63 /* Jobs */ = {
			isa = PBXGroup;
			children = (
				F489A4E42AC2368900A3DA63 /* AppDelegate.swift */,
				F489A4E62AC2368900A3DA63 /* SceneDelegate.swift */,
				F489A4E82AC2368900A3DA63 /* ViewController.swift */,
				F489A4EA2AC2368900A3DA63 /* Main.storyboard */,
				F489A4ED2AC2368A00A3DA63 /* Assets.xcassets */,
				F489A4EF2AC2368A00A3DA63 /* LaunchScreen.storyboard */,
				F489A4F22AC2368A00A3DA63 /* Info.plist */,
			);
			path = Jobs;
			sourceTree = "<group>";
		};
		F489A4FA2AC2368A00A3DA63 /* JobsTests */ = {
			isa = PBXGroup;
			children = (
				F489A4FB2AC2368A00A3DA63 /* JobsTests.swift */,
			);
			path = JobsTests;
			sourceTree = "<group>";
		};
		F489A5042AC2368A00A3DA63 /* JobsUITests */ = {
			isa = PBXGroup;
			children = (
				F489A5052AC2368A00A3DA63 /* JobsUITests.swift */,
				F489A5072AC2368A00A3DA63 /* JobsUITestsLaunchTests.swift */,
			);
			path = JobsUITests;
			sourceTree = "<group>";
		};
/* End PBXGroup section */

/* Begin PBXNativeTarget section */
		F489A4E02AC2368900A3DA63 /* Jobs */ = {
			isa = PBXNativeTarget;
			buildConfigurationList = F489A50B2AC2368A00A3DA63 /* Build configuration list for PBXNativeTarget "Jobs" */;
			buildPhases = (
				F489A4DD2AC2368900A3DA63 /* Sources */,
				F489A4DE2AC2368900A3DA63 /* Frameworks */,
				F489A4DF2AC2368900A3DA63 /* Resources */,
			);
			buildRules = (
			);
			dependencies = (
			);
			name = Jobs;
			productName = Jobs;
			productReference = F489A4E12AC2368900A3DA63 /* Jobs.app */;
			productType = "com.apple.product-type.application";
		};
		F489A4F62AC2368A00A3DA63 /* JobsTests */ = {
			isa = PBXNativeTarget;
			buildConfigurationList = F489A50E2AC2368A00A3DA63 /* Build configuration list for PBXNativeTarget "JobsTests" */;
			buildPhases = (
				F489A4F32AC2368A00A3DA63 /* Sources */,
				F489A4F42AC2368A00A3DA63 /* Frameworks */,
				F489A4F52AC2368A00A3DA63 /* Resources */,
			);
			buildRules = (
			);
			dependencies = (
				F489A4F92AC2368A00A3DA63 /* PBXTargetDependency */,
			);
			name = JobsTests;
			productName = JobsTests;
			productReference = F489A4F72AC2368A00A3DA63 /* JobsTests.xctest */;
			productType = "com.apple.product-type.bundle.unit-test";
		};
		F489A5002AC2368A00A3DA63 /* JobsUITests */ = {
			isa = PBXNativeTarget;
			buildConfigurationList = F489A5112AC2368A00A3DA63 /* Build configuration list for PBXNativeTarget "JobsUITests" */;
			buildPhases = (
				F489A4FD2AC2368A00A3DA63 /* Sources */,
				F489A4FE2AC2368A00A3DA63 /* Frameworks */,
				F489A4FF2AC2368A00A3DA63 /* Resources */,
			);
			buildRules = (
			);
			dependencies = (
				F489A5032AC2368A00A3DA63 /* PBXTargetDependency */,
			);
			name = JobsUITests;
			productName = JobsUITests;
			productReference = F489A5012AC2368A00A3DA63 /* JobsUITests.xctest */;
			productType = "com.apple.product-type.bundle.ui-testing";
		};
/* End PBXNativeTarget section */

/* Begin PBXProject section */
		F489A4D92AC2368900A3DA63 /* Project object */ = {
			isa = PBXProject;
			attributes = {
				BuildIndependentTargetsInParallel = 1;
				LastSwiftUpdateCheck = 1430;
				LastUpgradeCheck = 1430;
				TargetAttributes = {
					F489A4E02AC2368900A3DA63 = {
						CreatedOnToolsVersion = 14.3;
					};
					F489A4F62AC2368A00A3DA63 = {
						CreatedOnToolsVersion = 14.3;
						TestTargetID = F489A4E02AC2368900A3DA63;
					};
					F489A5002AC2368A00A3DA63 = {
						CreatedOnToolsVersion = 14.3;
						TestTargetID = F489A4E02AC2368900A3DA63;
					};
				};
			};
			buildConfigurationList = F489A4DC2AC2368900A3DA63 /* Build configuration list for PBXProject "Jobs" */;
			compatibilityVersion = "Xcode 14.0";
			developmentRegion = en;
			hasScannedForEncodings = 0;
			knownRegions = (
				en,
				Base,
			);
			mainGroup = F489A4D82AC2368900A3DA63;
			productRefGroup = F489A4E22AC2368900A3DA63 /* Products */;
			projectDirPath = "";
			projectRoot = "";
			targets = (
				F489A4E02AC2368900A3DA63 /* Jobs */,
				F489A4F62AC2368A00A3DA63 /* JobsTests */,
				F489A5002AC2368A00A3DA63 /* JobsUITests */,
			);
		};
/* End PBXProject section */

/* Begin PBXResourcesBuildPhase section */
		F489A4DF2AC2368900A3DA63 /* Resources */ = {
			isa = PBXResourcesBuildPhase;
			buildActionMask = 2147483647;
			files = (
				F489A4F12AC2368A00A3DA63 /* LaunchScreen.storyboard in Resources */,
				F489A4EE2AC2368A00A3DA63 /* Assets.xcassets in Resources */,
				F489A4EC2AC2368900A3DA63 /* Main.storyboard in Resources */,
			);
			runOnlyForDeploymentPostprocessing = 0;
		};
		F489A4F52AC2368A00A3DA63 /* Resources */ = {
			isa = PBXResourcesBuildPhase;
			buildActionMask = 2147483647;
			files = (
			);
			runOnlyForDeploymentPostprocessing = 0;
		};
		F489A4FF2AC2368A00A3DA63 /* Resources */ = {
			isa = PBXResourcesBuildPhase;
			buildActionMask = 2147483647;
			files = (
			);
			runOnlyForDeploymentPostprocessing = 0;
		};
/* End PBXResourcesBuildPhase section */

/* Begin PBXSourcesBuildPhase section */
		F489A4DD2AC2368900A3DA63 /* Sources */ = {
			isa = PBXSourcesBuildPhase;
			buildActionMask = 2147483647;
			files = (
				F489A4E92AC2368900A3DA63 /* ViewController.swift in Sources */,
				F489A4E52AC2368900A3DA63 /* AppDelegate.swift in Sources */,
				F489A4E72AC2368900A3DA63 /* SceneDelegate.swift in Sources */,
			);
			runOnlyForDeploymentPostprocessing = 0;
		};
		F489A4F32AC2368A00A3DA63 /* Sources */ = {
			isa = PBXSourcesBuildPhase;
			buildActionMask = 2147483647;
			files = (
				F489A4FC2AC2368A00A3DA63 /* JobsTests.swift in Sources */,
			);
			runOnlyForDeploymentPostprocessing = 0;
		};
		F489A4FD2AC2368A00A3DA63 /* Sources */ = {
			isa = PBXSourcesBuildPhase;
			buildActionMask = 2147483647;
			files = (
				F489A5082AC2368A00A3DA63 /* JobsUITestsLaunchTests.swift in Sources */,
				F489A5062AC2368A00A3DA63 /* JobsUITests.swift in Sources */,
			);
			runOnlyForDeploymentPostprocessing = 0;
		};
/* End PBXSourcesBuildPhase section */

/* Begin PBXTargetDependency section */
		F489A4F92AC2368A00A3DA63 /* PBXTargetDependency */ = {
			isa = PBXTargetDependency;
			target = F489A4E02AC2368900A3DA63 /* Jobs */;
			targetProxy = F489A4F82AC2368A00A3DA63 /* PBXContainerItemProxy */;
		};
		F489A5032AC2368A00A3DA63 /* PBXTargetDependency */ = {
			isa = PBXTargetDependency;
			target = F489A4E02AC2368900A3DA63 /* Jobs */;
			targetProxy = F489A5022AC2368A00A3DA63 /* PBXContainerItemProxy */;
		};
/* End PBXTargetDependency section */

/* Begin PBXVariantGroup section */
		F489A4EA2AC2368900A3DA63 /* Main.storyboard */ = {
			isa = PBXVariantGroup;
			children = (
				F489A4EB2AC2368900A3DA63 /* Base */,
			);
			name = Main.storyboard;
			sourceTree = "<group>";
		};
		F489A4EF2AC2368A00A3DA63 /* LaunchScreen.storyboard */ = {
			isa = PBXVariantGroup;
			children = (
				F489A4F02AC2368A00A3DA63 /* Base */,
			);
			name = LaunchScreen.storyboard;
			sourceTree = "<group>";
		};
/* End PBXVariantGroup section */

/* Begin XCBuildConfiguration section */
		F489A5092AC2368A00A3DA63 /* Debug */ = {
			isa = XCBuildConfiguration;
			buildSettings = {
				ALWAYS_SEARCH_USER_PATHS = NO;
				CLANG_ANALYZER_NONNULL = YES;
				CLANG_ANALYZER_NUMBER_OBJECT_CONVERSION = YES_AGGRESSIVE;
				CLANG_CXX_LANGUAGE_STANDARD = "gnu++20";
				CLANG_ENABLE_MODULES = YES;
				CLANG_ENABLE_OBJC_ARC = YES;
				CLANG_ENABLE_OBJC_WEAK = YES;
				CLANG_WARN_BLOCK_CAPTURE_AUTORELEASING = YES;
				CLANG_WARN_BOOL_CONVERSION = YES;
				CLANG_WARN_COMMA = YES;
				CLANG_WARN_CONSTANT_CONVERSION = YES;
				CLANG_WARN_DEPRECATED_OBJC_IMPLEMENTATIONS = YES;
				CLANG_WARN_DIRECT_OBJC_ISA_USAGE = YES_ERROR;
				CLANG_WARN_DOCUMENTATION_COMMENTS = YES;
				CLANG_WARN_EMPTY_BODY = YES;
				CLANG_WARN_ENUM_CONVERSION = YES;
				CLANG_WARN_INFINITE_RECURSION = YES;
				CLANG_WARN_INT_CONVERSION = YES;
				CLANG_WARN_NON_LITERAL_NULL_CONVERSION = YES;
				CLANG_WARN_OBJC_IMPLICIT_RETAIN_SELF = YES;
				CLANG_WARN_OBJC_LITERAL_CONVERSION = YES;
				CLANG_WARN_OBJC_ROOT_CLASS = YES_ERROR;
				CLANG_WARN_QUOTED_INCLUDE_IN_FRAMEWORK_HEADER = YES;
				CLANG_WARN_RANGE_LOOP_ANALYSIS = YES;
				CLANG_WARN_STRICT_PROTOTYPES = YES;
				CLANG_WARN_SUSPICIOUS_MOVE = YES;
				CLANG_WARN_UNGUARDED_AVAILABILITY = YES_AGGRESSIVE;
				CLANG_WARN_UNREACHABLE_CODE = YES;
				CLANG_WARN__DUPLICATE_METHOD_MATCH = YES;
				COPY_PHASE_STRIP = NO;
				DEBUG_INFORMATION_FORMAT = dwarf;
				ENABLE_STRICT_OBJC_MSGSEND = YES;
				ENABLE_TESTABILITY = YES;
				GCC_C_LANGUAGE_STANDARD = gnu11;
				GCC_DYNAMIC_NO_PIC = NO;
				GCC_NO_COMMON_BLOCKS = YES;
				GCC_OPTIMIZATION_LEVEL = 0;
				GCC_PREPROCESSOR_DEFINITIONS = (
					"DEBUG=1",
					"$(inherited)",
				);
				GCC_WARN_64_TO_32_BIT_CONVERSION = YES;
				GCC_WARN_ABOUT_RETURN_TYPE = YES_ERROR;
				GCC_WARN_UNDECLARED_SELECTOR = YES;
				GCC_WARN_UNINITIALIZED_AUTOS = YES_AGGRESSIVE;
				GCC_WARN_UNUSED_FUNCTION = YES;
				GCC_WARN_UNUSED_VARIABLE = YES;
				IPHONEOS_DEPLOYMENT_TARGET = 16.4;
				MTL_ENABLE_DEBUG_INFO = INCLUDE_SOURCE;
				MTL_FAST_MATH = YES;
				ONLY_ACTIVE_ARCH = YES;
				SDKROOT = iphoneos;
				SWIFT_ACTIVE_COMPILATION_CONDITIONS = DEBUG;
				SWIFT_OPTIMIZATION_LEVEL = "-Onone";
			};
			name = Debug;
		};
		F489A50A2AC2368A00A3DA63 /* Release */ = {
			isa = XCBuildConfiguration;
			buildSettings = {
				ALWAYS_SEARCH_USER_PATHS = NO;
				CLANG_ANALYZER_NONNULL = YES;
				CLANG_ANALYZER_NUMBER_OBJECT_CONVERSION = YES_AGGRESSIVE;
				CLANG_CXX_LANGUAGE_STANDARD = "gnu++20";
				CLANG_ENABLE_MODULES = YES;
				CLANG_ENABLE_OBJC_ARC = YES;
				CLANG_ENABLE_OBJC_WEAK = YES;
				CLANG_WARN_BLOCK_CAPTURE_AUTORELEASING = YES;
				CLANG_WARN_BOOL_CONVERSION = YES;
				CLANG_WARN_COMMA = YES;
				CLANG_WARN_CONSTANT_CONVERSION = YES;
				CLANG_WARN_DEPRECATED_OBJC_IMPLEMENTATIONS = YES;
				CLANG_WARN_DIRECT_OBJC_ISA_USAGE = YES_ERROR;
				CLANG_WARN_DOCUMENTATION_COMMENTS = YES;
				CLANG_WARN_EMPTY_BODY = YES;
				CLANG_WARN_ENUM_CONVERSION = YES;
				CLANG_WARN_INFINITE_RECURSION = YES;
				CLANG_WARN_INT_CONVERSION = YES;
				CLANG_WARN_NON_LITERAL_NULL_CONVERSION = YES;
				CLANG_WARN_OBJC_IMPLICIT_RETAIN_SELF = YES;
				CLANG_WARN_OBJC_LITERAL_CONVERSION = YES;
				CLANG_WARN_OBJC_ROOT_CLASS = YES_ERROR;
				CLANG_WARN_QUOTED_INCLUDE_IN_FRAMEWORK_HEADER = YES;
				CLANG_WARN_RANGE_LOOP_ANALYSIS = YES;
				CLANG_WARN_STRICT_PROTOTYPES = YES;
				CLANG_WARN_SUSPICIOUS_MOVE = YES;
				CLANG_WARN_UNGUARDED_AVAILABILITY = YES_AGGRESSIVE;
				CLANG_WARN_UNREACHABLE_CODE = YES;
				CLANG_WARN__DUPLICATE_METHOD_MATCH = YES;
				COPY_PHASE_STRIP = NO;
				DEBUG_INFORMATION_FORMAT = "dwarf-with-dsym";
				ENABLE_NS_ASSERTIONS = NO;
				ENABLE_STRICT_OBJC_MSGSEND = YES;
				GCC_C_LANGUAGE_STANDARD = gnu11;
				GCC_NO_COMMON_BLOCKS = YES;
				GCC_WARN_64_TO_32_BIT_CONVERSION = YES;
				GCC_WARN_ABOUT_RETURN_TYPE = YES_ERROR;
				GCC_WARN_UNDECLARED_SELECTOR = YES;
				GCC_WARN_UNINITIALIZED_AUTOS = YES_AGGRESSIVE;
				GCC_WARN_UNUSED_FUNCTION = YES;
				GCC_WARN_UNUSED_VARIABLE = YES;
				IPHONEOS_DEPLOYMENT_TARGET = 16.4;
				MTL_ENABLE_DEBUG_INFO = NO;
				MTL_FAST_MATH = YES;
				SDKROOT = iphoneos;
				SWIFT_COMPILATION_MODE = wholemodule;
				SWIFT_OPTIMIZATION_LEVEL = "-O";
				VALIDATE_PRODUCT = YES;
			};
			name = Release;
		};
		F489A50C2AC2368A00A3DA63 /* Debug */ = {
			isa = XCBuildConfiguration;
			buildSettings = {
				ASSETCATALOG_COMPILER_APPICON_NAME = AppIcon;
				ASSETCATALOG_COMPILER_GLOBAL_ACCENT_COLOR_NAME = AccentColor;
				CODE_SIGN_STYLE = Automatic;
				CURRENT_PROJECT_VERSION = 1;
				DEVELOPMENT_TEAM = A8QVKKQPMX;
				GENERATE_INFOPLIST_FILE = YES;
				INFOPLIST_FILE = Jobs/Info.plist;
				INFOPLIST_KEY_UIApplicationSupportsIndirectInputEvents = YES;
				INFOPLIST_KEY_UILaunchStoryboardName = LaunchScreen;
				INFOPLIST_KEY_UIMainStoryboardFile = Main;
				INFOPLIST_KEY_UISupportedInterfaceOrientations_iPad = "UIInterfaceOrientationPortrait UIInterfaceOrientationPortraitUpsideDown UIInterfaceOrientationLandscapeLeft UIInterfaceOrientationLandscapeRight";
				INFOPLIST_KEY_UISupportedInterfaceOrientations_iPhone = "UIInterfaceOrientationPortrait UIInterfaceOrientationLandscapeLeft UIInterfaceOrientationLandscapeRight";
				LD_RUNPATH_SEARCH_PATHS = (
					"$(inherited)",
					"@executable_path/Frameworks",
				);
				MARKETING_VERSION = 1.0;
				PRODUCT_BUNDLE_IDENTIFIER = ruh.ai.Jobs;
				PRODUCT_NAME = "$(TARGET_NAME)";
				SWIFT_EMIT_LOC_STRINGS = YES;
				SWIFT_VERSION = 5.0;
				TARGETED_DEVICE_FAMILY = "1,2";
			};
			name = Debug;
		};
		F489A50D2AC2368A00A3DA63 /* Release */ = {
			isa = XCBuildConfiguration;
			buildSettings = {
				ASSETCATALOG_COMPILER_APPICON_NAME = AppIcon;
				ASSETCATALOG_COMPILER_GLOBAL_ACCENT_COLOR_NAME = AccentColor;
				CODE_SIGN_STYLE = Automatic;
				CURRENT_PROJECT_VERSION = 1;
				DEVELOPMENT_TEAM = A8QVKKQPMX;
				GENERATE_INFOPLIST_FILE = YES;
				INFOPLIST_FILE = Jobs/Info.plist;
				INFOPLIST_KEY_UIApplicationSupportsIndirectInputEvents = YES;
				INFOPLIST_KEY_UILaunchStoryboardName = LaunchScreen;
				INFOPLIST_KEY_UIMainStoryboardFile = Main;
				INFOPLIST_KEY_UISupportedInterfaceOrientations_iPad = "UIInterfaceOrientationPortrait UIInterfaceOrientationPortraitUpsideDown UIInterfaceOrientationLandscapeLeft UIInterfaceOrientationLandscapeRight";
				INFOPLIST_KEY_UISupportedInterfaceOrientations_iPhone = "UIInterfaceOrientationPortrait UIInterfaceOrientationLandscapeLeft UIInterfaceOrientationLandscapeRight";
				LD_RUNPATH_SEARCH_PATHS = (
					"$(inherited)",
					"@executable_path/Frameworks",
				);
				MARKETING_VERSION = 1.0;
				PRODUCT_BUNDLE_IDENTIFIER = ruh.ai.Jobs;
				PRODUCT_NAME = "$(TARGET_NAME)";
				SWIFT_EMIT_LOC_STRINGS = YES;
				SWIFT_VERSION = 5.0;
				TARGETED_DEVICE_FAMILY = "1,2";
			};
			name = Release;
		};
		F489A50F2AC2368A00A3DA63 /* Debug */ = {
			isa = XCBuildConfiguration;
			buildSettings = {
				ALWAYS_EMBED_SWIFT_STANDARD_LIBRARIES = YES;
				BUNDLE_LOADER = "$(TEST_HOST)";
				CODE_SIGN_STYLE = Automatic;
				CURRENT_PROJECT_VERSION = 1;
				DEVELOPMENT_TEAM = A8QVKKQPMX;
				GENERATE_INFOPLIST_FILE = YES;
				IPHONEOS_DEPLOYMENT_TARGET = 16.4;
				MARKETING_VERSION = 1.0;
				PRODUCT_BUNDLE_IDENTIFIER = ruh.ai.JobsTests;
				PRODUCT_NAME = "$(TARGET_NAME)";
				SWIFT_EMIT_LOC_STRINGS = NO;
				SWIFT_VERSION = 5.0;
				TARGETED_DEVICE_FAMILY = "1,2";
				TEST_HOST = "$(BUILT_PRODUCTS_DIR)/Jobs.app/$(BUNDLE_EXECUTABLE_FOLDER_PATH)/Jobs";
			};
			name = Debug;
		};
		F489A5102AC2368A00A3DA63 /* Release */ = {
			isa = XCBuildConfiguration;
			buildSettings = {
				ALWAYS_EMBED_SWIFT_STANDARD_LIBRARIES = YES;
				BUNDLE_LOADER = "$(TEST_HOST)";
				CODE_SIGN_STYLE = Automatic;
				CURRENT_PROJECT_VERSION = 1;
				DEVELOPMENT_TEAM = A8QVKKQPMX;
				GENERATE_INFOPLIST_FILE = YES;
				IPHONEOS_DEPLOYMENT_TARGET = 16.4;
				MARKETING_VERSION = 1.0;
				PRODUCT_BUNDLE_IDENTIFIER = ruh.ai.JobsTests;
				PRODUCT_NAME = "$(TARGET_NAME)";
				SWIFT_EMIT_LOC_STRINGS = NO;
				SWIFT_VERSION = 5.0;
				TARGETED_DEVICE_FAMILY = "1,2";
				TEST_HOST = "$(BUILT_PRODUCTS_DIR)/Jobs.app/$(BUNDLE_EXECUTABLE_FOLDER_PATH)/Jobs";
			};
			name = Release;
		};
		F489A5122AC2368A00A3DA63 /* Debug */ = {
			isa = XCBuildConfiguration;
			buildSettings = {
				ALWAYS_EMBED_SWIFT_STANDARD_LIBRARIES = YES;
				CODE_SIGN_STYLE = Automatic;
				CURRENT_PROJECT_VERSION = 1;
				DEVELOPMENT_TEAM = A8QVKKQPMX;
				GENERATE_INFOPLIST_FILE = YES;
				MARKETING_VERSION = 1.0;
				PRODUCT_BUNDLE_IDENTIFIER = ruh.ai.JobsUITests;
				PRODUCT_NAME = "$(TARGET_NAME)";
				SWIFT_EMIT_LOC_STRINGS = NO;
				SWIFT_VERSION = 5.0;
				TARGETED_DEVICE_FAMILY = "1,2";
				TEST_TARGET_NAME = Jobs;
			};
			name = Debug;
		};
		F489A5132AC2368A00A3DA63 /* Release */ = {
			isa = XCBuildConfiguration;
			buildSettings = {
				ALWAYS_EMBED_SWIFT_STANDARD_LIBRARIES = YES;
				CODE_SIGN_STYLE = Automatic;
				CURRENT_PROJECT_VERSION = 1;
				DEVELOPMENT_TEAM = A8QVKKQPMX;
				GENERATE_INFOPLIST_FILE = YES;
				MARKETING_VERSION = 1.0;
				PRODUCT_BUNDLE_IDENTIFIER = ruh.ai.JobsUITests;
				PRODUCT_NAME = "$(TARGET_NAME)";
				SWIFT_EMIT_LOC_STRINGS = NO;
				SWIFT_VERSION = 5.0;
				TARGETED_DEVICE_FAMILY = "1,2";
				TEST_TARGET_NAME = Jobs;
			};
			name = Release;
		};
/* End XCBuildConfiguration section */

/* Begin XCConfigurationList section */
		F489A4DC2AC2368900A3DA63 /* Build configuration list for PBXProject "Jobs" */ = {
			isa = XCConfigurationList;
			buildConfigurations = (
				F489A5092AC2368A00A3DA63 /* Debug */,
				F489A50A2AC2368A00A3DA63 /* Release */,
			);
			defaultConfigurationIsVisible = 0;
			defaultConfigurationName = Release;
		};
		F489A50B2AC2368A00A3DA63 /* Build configuration list for PBXNativeTarget "Jobs" */ = {
			isa = XCConfigurationList;
			buildConfigurations = (
				F489A50C2AC2368A00A3DA63 /* Debug */,
				F489A50D2AC2368A00A3DA63 /* Release */,
			);
			defaultConfigurationIsVisible = 0;
			defaultConfigurationName = Release;
		};
		F489A50E2AC2368A00A3DA63 /* Build configuration list for PBXNativeTarget "JobsTests" */ = {
			isa = XCConfigurationList;
			buildConfigurations = (
				F489A50F2AC2368A00A3DA63 /* Debug */,
				F489A5102AC2368A00A3DA63 /* Release */,
			);
			defaultConfigurationIsVisible = 0;
			defaultConfigurationName = Release;
		};
		F489A5112AC2368A00A3DA63 /* Build configuration list for PBXNativeTarget "JobsUITests" */ = {
			isa = XCConfigurationList;
			buildConfigurations = (
				F489A5122AC2368A00A3DA63 /* Debug */,
				F489A5132AC2368A00A3DA63 /* Release */,
			);
			defaultConfigurationIsVisible = 0;
			defaultConfigurationName = Release;
		};
/* End XCConfigurationList section */
	};
	rootObject = F489A4D92AC2368900A3DA63 /* Project object */;
}
